
Microsoft Visual Studio Solution File, Format Version 12.00
# Visual Studio 15
VisualStudioVersion = 15.0.28307.1525
MinimumVisualStudioVersion = 10.0.40219.1
Project("{9A19103F-16F7-4668-BE54-9A1E7A4F7556}") = "WebApplication1", "WebApplication1\WebApplication1.csproj", "{24642448-215D-4A44-B7DF-410C36FAD223}"
EndProject
Project("{FAE04EC0-301F-11D3-BF4B-00C04F79EFBC}") = "UnitTestProject1", "UnitTestProject1\UnitTestProject1.csproj", "{76275B8F-6853-4D2B-B55F-D0A40D51C4BE}"
EndProject
Global
	GlobalSection(SolutionConfigurationPlatforms) = preSolution
		Debug|Any CPU = Debug|Any CPU
		Release|Any CPU = Release|Any CPU
	EndGlobalSection
	GlobalSection(ProjectConfigurationPlatforms) = postSolution
		{24642448-215D-4A44-B7DF-410C36FAD223}.Debug|Any CPU.ActiveCfg = Debug|Any CPU
		{24642448-215D-4A44-B7DF-410C36FAD223}.Debug|Any CPU.Build.0 = Debug|Any CPU
		{24642448-215D-4A44-B7DF-410C36FAD223}.Release|Any CPU.ActiveCfg = Release|Any CPU
		{24642448-215D-4A44-B7DF-410C36FAD223}.Release|Any CPU.Build.0 = Release|Any CPU
		{76275B8F-6853-4D2B-B55F-D0A40D51C4BE}.Debug|Any CPU.ActiveCfg = Debug|Any CPU
		{76275B8F-6853-4D2B-B55F-D0A40D51C4BE}.Debug|Any CPU.Build.0 = Debug|Any CPU
		{76275B8F-6853-4D2B-B55F-D0A40D51C4BE}.Release|Any CPU.ActiveCfg = Release|Any CPU
		{76275B8F-6853-4D2B-B55F-D0A40D51C4BE}.Release|Any CPU.Build.0 = Release|Any CPU
	EndGlobalSection
	GlobalSection(SolutionProperties) = preSolution
		HideSolutionNode = FALSE
	EndGlobalSection
	GlobalSection(ExtensibilityGlobals) = postSolution
		SolutionGuid = {F08091BC-CE0C-4C99-9B0D-C8CEB2389140}
	EndGlobalSection
EndGlobal
